
Microsoft Visual Studio Solution File, Format Version 12.00
# Visual Studio Version 17
VisualStudioVersion = 17.10.34707.107
MinimumVisualStudioVersion = 10.0.40219.1
Project("{9A19103F-16F7-4668-BE54-9A1E7A4F7556}") = "TestSol", "TestSol\TestSol.csproj", "{2EEEBF9E-C375-44A3-9A2B-743CF48178F6}"
EndProject
Project("{2150E333-8FDC-42A3-9474-1A3956D46DE8}") = "Core", "Core", "{2191F4F6-541B-4233-9A01-EDDF18601622}"
EndProject
Project("{2150E333-8FDC-42A3-9474-1A3956D46DE8}") = "BLL", "BLL", "{EDF57F35-82CA-4356-A3BC-DF2A17655A43}"
EndProject
Project("{2150E333-8FDC-42A3-9474-1A3956D46DE8}") = "Common", "Common", "{E79F8B93-618A-46B9-B87D-68180AF11A39}"
EndProject
Project("{2150E333-8FDC-42A3-9474-1A3956D46DE8}") = "DAL", "DAL", "{FD1AB2B9-653A-49F4-B08D-E08685AE1442}"
EndProject
Project("{9A19103F-16F7-4668-BE54-9A1E7A4F7556}") = "Portafolio.Core.BLL", "Portafolio.Core.BLL\Portafolio.Core.BLL.csproj", "{725E7F90-503D-481C-8BA2-0760924D4D5C}"
EndProject
Project("{9A19103F-16F7-4668-BE54-9A1E7A4F7556}") = "Portafolio.Core.Common", "Portafolio.Core.Common\Portafolio.Core.Common.csproj", "{8C990713-30FE-4D37-8EC2-22F3FF4BC386}"
EndProject
Project("{9A19103F-16F7-4668-BE54-9A1E7A4F7556}") = "Portafolio.Core.DAL", "Portafolio.Core.DAL\Portafolio.Core.DAL.csproj", "{B1A1A253-696D-4667-B8CC-B5214BE3C4DD}"
EndProject
Project("{00D1A9C2-B5F0-4AF3-8072-F6C62B433612}") = "DatabaseTestSol", "DatabaseTestSol\DatabaseTestSol.sqlproj", "{24940D7D-5E24-4335-9E7E-0CE11CA2019D}"
EndProject
Project("{FAE04EC0-301F-11D3-BF4B-00C04F79EFBC}") = "TestSolAPI", "TestSolAPI\TestSolAPI.csproj", "{40402644-4174-4C8E-A9DC-1D09E5F01487}"
EndProject
Project("{FAE04EC0-301F-11D3-BF4B-00C04F79EFBC}") = "TestSolWFA", "TestSolWFA\TestSolWFA.csproj", "{958D1E65-AAA2-48C2-9297-A9D27A688524}"
EndProject
Global
	GlobalSection(SolutionConfigurationPlatforms) = preSolution
		Debug|Any CPU = Debug|Any CPU
		Release|Any CPU = Release|Any CPU
	EndGlobalSection
	GlobalSection(ProjectConfigurationPlatforms) = postSolution
		{2EEEBF9E-C375-44A3-9A2B-743CF48178F6}.Debug|Any CPU.ActiveCfg = Debug|Any CPU
		{2EEEBF9E-C375-44A3-9A2B-743CF48178F6}.Debug|Any CPU.Build.0 = Debug|Any CPU
		{2EEEBF9E-C375-44A3-9A2B-743CF48178F6}.Release|Any CPU.ActiveCfg = Release|Any CPU
		{2EEEBF9E-C375-44A3-9A2B-743CF48178F6}.Release|Any CPU.Build.0 = Release|Any CPU
		{725E7F90-503D-481C-8BA2-0760924D4D5C}.Debug|Any CPU.ActiveCfg = Debug|Any CPU
		{725E7F90-503D-481C-8BA2-0760924D4D5C}.Debug|Any CPU.Build.0 = Debug|Any CPU
		{725E7F90-503D-481C-8BA2-0760924D4D5C}.Release|Any CPU.ActiveCfg = Release|Any CPU
		{725E7F90-503D-481C-8BA2-0760924D4D5C}.Release|Any CPU.Build.0 = Release|Any CPU
		{8C990713-30FE-4D37-8EC2-22F3FF4BC386}.Debug|Any CPU.ActiveCfg = Debug|Any CPU
		{8C990713-30FE-4D37-8EC2-22F3FF4BC386}.Debug|Any CPU.Build.0 = Debug|Any CPU
		{8C990713-30FE-4D37-8EC2-22F3FF4BC386}.Release|Any CPU.ActiveCfg = Release|Any CPU
		{8C990713-30FE-4D37-8EC2-22F3FF4BC386}.Release|Any CPU.Build.0 = Release|Any CPU
		{B1A1A253-696D-4667-B8CC-B5214BE3C4DD}.Debug|Any CPU.ActiveCfg = Debug|Any CPU
		{B1A1A253-696D-4667-B8CC-B5214BE3C4DD}.Debug|Any CPU.Build.0 = Debug|Any CPU
		{B1A1A253-696D-4667-B8CC-B5214BE3C4DD}.Release|Any CPU.ActiveCfg = Release|Any CPU
		{B1A1A253-696D-4667-B8CC-B5214BE3C4DD}.Release|Any CPU.Build.0 = Release|Any CPU
		{24940D7D-5E24-4335-9E7E-0CE11CA2019D}.Debug|Any CPU.ActiveCfg = Debug|Any CPU
		{24940D7D-5E24-4335-9E7E-0CE11CA2019D}.Debug|Any CPU.Build.0 = Debug|Any CPU
		{24940D7D-5E24-4335-9E7E-0CE11CA2019D}.Debug|Any CPU.Deploy.0 = Debug|Any CPU
		{24940D7D-5E24-4335-9E7E-0CE11CA2019D}.Release|Any CPU.ActiveCfg = Release|Any CPU
		{24940D7D-5E24-4335-9E7E-0CE11CA2019D}.Release|Any CPU.Build.0 = Release|Any CPU
		{24940D7D-5E24-4335-9E7E-0CE11CA2019D}.Release|Any CPU.Deploy.0 = Release|Any CPU
		{40402644-4174-4C8E-A9DC-1D09E5F01487}.Debug|Any CPU.ActiveCfg = Debug|Any CPU
		{40402644-4174-4C8E-A9DC-1D09E5F01487}.Debug|Any CPU.Build.0 = Debug|Any CPU
		{40402644-4174-4C8E-A9DC-1D09E5F01487}.Release|Any CPU.ActiveCfg = Release|Any CPU
		{40402644-4174-4C8E-A9DC-1D09E5F01487}.Release|Any CPU.Build.0 = Release|Any CPU
		{958D1E65-AAA2-48C2-9297-A9D27A688524}.Debug|Any CPU.ActiveCfg = Debug|Any CPU
		{958D1E65-AAA2-48C2-9297-A9D27A688524}.Debug|Any CPU.Build.0 = Debug|Any CPU
		{958D1E65-AAA2-48C2-9297-A9D27A688524}.Release|Any CPU.ActiveCfg = Release|Any CPU
		{958D1E65-AAA2-48C2-9297-A9D27A688524}.Release|Any CPU.Build.0 = Release|Any CPU
	EndGlobalSection
	GlobalSection(SolutionProperties) = preSolution
		HideSolutionNode = FALSE
	EndGlobalSection
	GlobalSection(NestedProjects) = preSolution
		{EDF57F35-82CA-4356-A3BC-DF2A17655A43} = {2191F4F6-541B-4233-9A01-EDDF18601622}
		{E79F8B93-618A-46B9-B87D-68180AF11A39} = {2191F4F6-541B-4233-9A01-EDDF18601622}
		{FD1AB2B9-653A-49F4-B08D-E08685AE1442} = {2191F4F6-541B-4233-9A01-EDDF18601622}
		{725E7F90-503D-481C-8BA2-0760924D4D5C} = {EDF57F35-82CA-4356-A3BC-DF2A17655A43}
		{8C990713-30FE-4D37-8EC2-22F3FF4BC386} = {E79F8B93-618A-46B9-B87D-68180AF11A39}
		{B1A1A253-696D-4667-B8CC-B5214BE3C4DD} = {FD1AB2B9-653A-49F4-B08D-E08685AE1442}
		{24940D7D-5E24-4335-9E7E-0CE11CA2019D} = {2191F4F6-541B-4233-9A01-EDDF18601622}
		{40402644-4174-4C8E-A9DC-1D09E5F01487} = {2191F4F6-541B-4233-9A01-EDDF18601622}
	EndGlobalSection
	GlobalSection(ExtensibilityGlobals) = postSolution
		SolutionGuid = {B67DA07C-1372-40CB-AC2E-5C1C05278433}
	EndGlobalSection
EndGlobal
